
Microsoft Visual Studio Solution File, Format Version 12.00
# Visual Studio Version 17
VisualStudioVersion = 17.0.32014.148
MinimumVisualStudioVersion = 10.0.40219.1
Project("{9A19103F-16F7-4668-BE54-9A1E7A4F7556}") = "ATM.Bank", "ATM.Bank\ATM.Bank.csproj", "{EC73BEF1-7A98-40A3-8415-67FF52A9CACE}"
EndProject
Project("{2150E333-8FDC-42A3-9474-1A3956D46DE8}") = "Presentation", "Presentation", "{8662732B-B0DE-4126-960D-7500C3867353}"
EndProject
Project("{9A19103F-16F7-4668-BE54-9A1E7A4F7556}") = "ATM.Bank.Domein.Data", "ATM.Bank.Domein.Data\ATM.Bank.Domein.Data.csproj", "{80714AB4-B9A1-4FEB-9B6B-F2993F2AECD6}"
EndProject
Project("{9A19103F-16F7-4668-BE54-9A1E7A4F7556}") = "ATM.Bank.Aplication", "ATM.Bank.Aplication\ATM.Bank.Aplication.csproj", "{F90F2ED8-4CA2-46F8-A1B7-AE059FF6EE46}"
EndProject
Project("{9A19103F-16F7-4668-BE54-9A1E7A4F7556}") = "ATM.Bank.Infrastructure", "ATM.Bank.Infrastructure\ATM.Bank.Infrastructure.csproj", "{D6B2A108-FFD3-4D2C-BDC7-0C1198D88F05}"
EndProject
Global
	GlobalSection(SolutionConfigurationPlatforms) = preSolution
		Debug|Any CPU = Debug|Any CPU
		Release|Any CPU = Release|Any CPU
	EndGlobalSection
	GlobalSection(ProjectConfigurationPlatforms) = postSolution
		{EC73BEF1-7A98-40A3-8415-67FF52A9CACE}.Debug|Any CPU.ActiveCfg = Debug|Any CPU
		{EC73BEF1-7A98-40A3-8415-67FF52A9CACE}.Debug|Any CPU.Build.0 = Debug|Any CPU
		{EC73BEF1-7A98-40A3-8415-67FF52A9CACE}.Release|Any CPU.ActiveCfg = Release|Any CPU
		{EC73BEF1-7A98-40A3-8415-67FF52A9CACE}.Release|Any CPU.Build.0 = Release|Any CPU
		{80714AB4-B9A1-4FEB-9B6B-F2993F2AECD6}.Debug|Any CPU.ActiveCfg = Debug|Any CPU
		{80714AB4-B9A1-4FEB-9B6B-F2993F2AECD6}.Debug|Any CPU.Build.0 = Debug|Any CPU
		{80714AB4-B9A1-4FEB-9B6B-F2993F2AECD6}.Release|Any CPU.ActiveCfg = Release|Any CPU
		{80714AB4-B9A1-4FEB-9B6B-F2993F2AECD6}.Release|Any CPU.Build.0 = Release|Any CPU
		{F90F2ED8-4CA2-46F8-A1B7-AE059FF6EE46}.Debug|Any CPU.ActiveCfg = Debug|Any CPU
		{F90F2ED8-4CA2-46F8-A1B7-AE059FF6EE46}.Debug|Any CPU.Build.0 = Debug|Any CPU
		{F90F2ED8-4CA2-46F8-A1B7-AE059FF6EE46}.Release|Any CPU.ActiveCfg = Release|Any CPU
		{F90F2ED8-4CA2-46F8-A1B7-AE059FF6EE46}.Release|Any CPU.Build.0 = Release|Any CPU
		{D6B2A108-FFD3-4D2C-BDC7-0C1198D88F05}.Debug|Any CPU.ActiveCfg = Debug|Any CPU
		{D6B2A108-FFD3-4D2C-BDC7-0C1198D88F05}.Debug|Any CPU.Build.0 = Debug|Any CPU
		{D6B2A108-FFD3-4D2C-BDC7-0C1198D88F05}.Release|Any CPU.ActiveCfg = Release|Any CPU
		{D6B2A108-FFD3-4D2C-BDC7-0C1198D88F05}.Release|Any CPU.Build.0 = Release|Any CPU
	EndGlobalSection
	GlobalSection(SolutionProperties) = preSolution
		HideSolutionNode = FALSE
	EndGlobalSection
	GlobalSection(NestedProjects) = preSolution
		{EC73BEF1-7A98-40A3-8415-67FF52A9CACE} = {8662732B-B0DE-4126-960D-7500C3867353}
	EndGlobalSection
	GlobalSection(ExtensibilityGlobals) = postSolution
		SolutionGuid = {BE5D760E-28C2-47E8-850D-271FE0D00AE8}
	EndGlobalSection
EndGlobal
